{
  "version": 4,
  "terraform_version": "1.0.6",
  "serial": 37,
  "lineage": "be430507-3371-e68b-939e-5ec8b413cb6e",
  "outputs": {
    "vpc_id": {
      "value": "vpc-05a024d4995126375",
      "type": "string"
    }
  },
  "resources": [
    {
      "mode": "managed",
      "type": "aws_eip",
      "name": "my_nat1",
      "provider": "provider[\"registry.terraform.io/hashicorp/aws\"]",
      "instances": [
        {
          "schema_version": 0,
          "attributes": {
            "address": null,
            "allocation_id": null,
            "associate_with_private_ip": null,
            "association_id": "eipassoc-0a72d2123ed99bf9f",
            "carrier_ip": "",
            "customer_owned_ip": "",
            "customer_owned_ipv4_pool": "",
            "domain": "vpc",
            "id": "eipalloc-070c720469a5064a8",
            "instance": "",
            "network_border_group": "us-east-1",
            "network_interface": "eni-0f9608d121773c35a",
            "private_dns": "ip-192-168-1-201.ec2.internal",
            "private_ip": "192.168.1.201",
            "public_dns": "ec2-35-169-212-150.compute-1.amazonaws.com",
            "public_ip": "35.169.212.150",
            "public_ipv4_pool": "amazon",
            "tags": {},
            "tags_all": {},
            "timeouts": null,
            "vpc": true
          },
          "sensitive_attributes": [],
          "private": "eyJlMmJmYjczMC1lY2FhLTExZTYtOGY4OC0zNDM2M2JjN2M0YzAiOnsiZGVsZXRlIjoxODAwMDAwMDAwMDAsInJlYWQiOjkwMDAwMDAwMDAwMCwidXBkYXRlIjozMDAwMDAwMDAwMDB9fQ==",
          "dependencies": [
            "aws_internet_gateway.my_ig",
            "aws_vpc.my_vpc"
          ]
        }
      ]
    },
    {
      "mode": "managed",
      "type": "aws_eip",
      "name": "my_nat2",
      "provider": "provider[\"registry.terraform.io/hashicorp/aws\"]",
      "instances": [
        {
          "schema_version": 0,
          "attributes": {
            "address": null,
            "allocation_id": null,
            "associate_with_private_ip": null,
            "association_id": "eipassoc-07604ffef634619e5",
            "carrier_ip": "",
            "customer_owned_ip": "",
            "customer_owned_ipv4_pool": "",
            "domain": "vpc",
            "id": "eipalloc-019e93f0eb1a17a0f",
            "instance": "",
            "network_border_group": "us-east-1",
            "network_interface": "eni-0fbd6060fdab52645",
            "private_dns": "ip-192-168-91-63.ec2.internal",
            "private_ip": "192.168.91.63",
            "public_dns": "ec2-18-205-69-141.compute-1.amazonaws.com",
            "public_ip": "18.205.69.141",
            "public_ipv4_pool": "amazon",
            "tags": {},
            "tags_all": {},
            "timeouts": null,
            "vpc": true
          },
          "sensitive_attributes": [],
          "private": "eyJlMmJmYjczMC1lY2FhLTExZTYtOGY4OC0zNDM2M2JjN2M0YzAiOnsiZGVsZXRlIjoxODAwMDAwMDAwMDAsInJlYWQiOjkwMDAwMDAwMDAwMCwidXBkYXRlIjozMDAwMDAwMDAwMDB9fQ==",
          "dependencies": [
            "aws_internet_gateway.my_ig",
            "aws_vpc.my_vpc"
          ]
        }
      ]
    },
    {
      "mode": "managed",
      "type": "aws_eks_cluster",
      "name": "eks",
      "provider": "provider[\"registry.terraform.io/hashicorp/aws\"]",
      "instances": [
        {
          "schema_version": 0,
          "attributes": {
            "arn": "arn:aws:eks:us-east-1:180386263025:cluster/my_eks_cluster_aquasec",
            "certificate_authority": [
              {
                "data": "LS0tLS1CRUdJTiBDRVJUSUZJQ0FURS0tLS0tCk1JSUM1ekNDQWMrZ0F3SUJBZ0lCQURBTkJna3Foa2lHOXcwQkFRc0ZBREFWTVJNd0VRWURWUVFERXdwcmRXSmwKY201bGRHVnpNQjRYRFRJeE1Ea3hOREF4TkRJeE1Gb1hEVE14TURreE1qQXhOREl4TUZvd0ZURVRNQkVHQTFVRQpBeE1LYTNWaVpYSnVaWFJsY3pDQ0FTSXdEUVlKS29aSWh2Y05BUUVCQlFBRGdnRVBBRENDQVFvQ2dnRUJBSzVRCko1TnJKNzdpUHBXSEtOWkx4M2NyaGhab25DcVhvNU5GcGNZUkw0UEJZSzd6aHJmeEtjeTAvVHh2MThCWlRRbW0KMENON3JUYWRqeVh2Q2xtZjVwbVIyV3RLZyt5bmYrdmQrU3Fla1Vuam45LzRaKzR3UTFWOFlRNnFwdVM0NjVNQwpjVGxGNkJpK0FoOUVyRHBtbTE0YnpFa0tKdzRNaTJXSi9tWmFSazhPTWJZMEwwbjQzWFltRkpSa3F1bFh3aW1HCmlMenJSek9ldkhkd1g2eFBOSVZCdHU3SG1hbGZwaEpCWi9DMnk4WFNJWXd0STFrcUxSZ3Iyd3RGb055a3lBZk0KcGw2cmRBQ1l2MlVvRCtuREZ5ZzI0YTdNR3FCbzYzU1JrMzJnWGgzVHdiMGVnSTlPZzNXdndIdkN1YlBQRDhqYgp6bVYyclMzQUlhb3piTFQyWU5rQ0F3RUFBYU5DTUVBd0RnWURWUjBQQVFIL0JBUURBZ0trTUE4R0ExVWRFd0VCCi93UUZNQU1CQWY4d0hRWURWUjBPQkJZRUZQb3RCZ0xjU0NHTU9qVy9JV3FtcXNzaGF6RFdNQTBHQ1NxR1NJYjMKRFFFQkN3VUFBNElCQVFBNnlkK2JTYW5VT290K0UvekZhVTlwSXNZeEEyU1JWTW95RjRpR1dUZHJNRWpkQ1hkbgpOL0hqd0ZWRFJWb1lwL0NlMDRyQWxsZ3kyVUNsOG1KWU40QmsvOTVHVnl3Unc3elJJbGZ0eWNwNm8zSDdOd0ozCmhnaDZvKzhQSXpCdHo1NnVpTDEvRFE1VnA3VWpNZ3F1SG9vSVhxMEd0d0VYMXdhbWl2YlREVzh3MkcvMXBMcFAKdHNPQWE5RlNLNVpVL3VBRkxJOGR0dXRNN20vMWRmTG4veFBqNUhWc2h5NUIwNGtvQ3Jwd1N2MUgrSkJkMVVhMwo0Ulg2Qzc0eEVzdW91UnZ5YUJob3ZPdjExcnMvTkRzSHpDK0dkWWgxSzJiU2JKNU00cUd4MU9KY1dMSVlkcmhFCm9iRlRSK3RyNnhXRXhNZzJvMWlEUkVJamkvVmxpVmcwVWZJTwotLS0tLUVORCBDRVJUSUZJQ0FURS0tLS0tCg=="
              }
            ],
            "created_at": "2021-09-14 01:34:46.941 +0000 UTC",
            "enabled_cluster_log_types": [],
            "encryption_config": [],
            "endpoint": "https://E68474296BF42BA0F424B78BE2664F71.gr7.us-east-1.eks.amazonaws.com",
            "id": "my_eks_cluster_aquasec",
            "identity": [
              {
                "oidc": [
                  {
                    "issuer": "https://oidc.eks.us-east-1.amazonaws.com/id/E68474296BF42BA0F424B78BE2664F71"
                  }
                ]
              }
            ],
            "kubernetes_network_config": [
              {
                "service_ipv4_cidr": "10.100.0.0/16"
              }
            ],
            "name": "my_eks_cluster_aquasec",
            "platform_version": "eks.2",
            "role_arn": "arn:aws:iam::180386263025:role/my_eks_cluster_aquaSec",
            "status": "ACTIVE",
            "tags": {},
            "tags_all": {},
            "timeouts": null,
            "version": "1.21",
            "vpc_config": [
              {
                "cluster_security_group_id": "sg-06e772b4927448c85",
                "endpoint_private_access": false,
                "endpoint_public_access": true,
                "public_access_cidrs": [
                  "0.0.0.0/0"
                ],
                "security_group_ids": [],
                "subnet_ids": [
                  "subnet-01298f9c95c648d7b",
                  "subnet-09e5fc1797a29bc26",
                  "subnet-0a47ab109f31660d9",
                  "subnet-0cdda62a72bb4de5a"
                ],
                "vpc_id": "vpc-05a024d4995126375"
              }
            ]
          },
          "sensitive_attributes": [],
          "private": "eyJlMmJmYjczMC1lY2FhLTExZTYtOGY4OC0zNDM2M2JjN2M0YzAiOnsiY3JlYXRlIjoxODAwMDAwMDAwMDAwLCJkZWxldGUiOjkwMDAwMDAwMDAwMCwidXBkYXRlIjozNjAwMDAwMDAwMDAwfX0=",
          "dependencies": [
            "aws_subnet.my_route_private1",
            "aws_subnet.my_route_private2",
            "aws_subnet.my_route_public1",
            "aws_subnet.my_route_public2",
            "aws_vpc.my_vpc",
            "aws_iam_role.my_eks_cluster",
            "aws_iam_role_policy_attachment.my_eks_cluster_policy"
          ]
        }
      ]
    },
    {
      "mode": "managed",
      "type": "aws_eks_node_group",
      "name": "my_nodes_role",
      "provider": "provider[\"registry.terraform.io/hashicorp/aws\"]",
      "instances": [
        {
          "schema_version": 0,
          "attributes": {
            "ami_type": "AL2_x86_64",
            "arn": "arn:aws:eks:us-east-1:180386263025:nodegroup/my_eks_cluster_aquasec/nodes-general/c6bdf0fe-2b90-446c-c4e8-1f40df43d698",
            "capacity_type": "SPOT",
            "cluster_name": "my_eks_cluster_aquasec",
            "disk_size": 20,
            "force_update_version": false,
            "id": "my_eks_cluster_aquasec:nodes-general",
            "instance_types": [
              "t3.small"
            ],
            "labels": {
              "role": "nodes-general"
            },
            "launch_template": [],
            "node_group_name": "nodes-general",
            "node_group_name_prefix": "",
            "node_role_arn": "arn:aws:iam::180386263025:role/eks-node-group",
            "release_version": "1.21.2-20210830",
            "remote_access": [],
            "resources": [
              {
                "autoscaling_groups": [
                  {
                    "name": "eks-nodes-general-c6bdf0fe-2b90-446c-c4e8-1f40df43d698"
                  }
                ],
                "remote_access_security_group_id": ""
              }
            ],
            "scaling_config": [
              {
                "desired_size": 3,
                "max_size": 5,
                "min_size": 2
              }
            ],
            "status": "ACTIVE",
            "subnet_ids": [
              "subnet-01298f9c95c648d7b",
              "subnet-0a47ab109f31660d9"
            ],
            "tags": {},
            "tags_all": {},
            "taint": [],
            "timeouts": null,
            "update_config": [
              {
                "max_unavailable": 1,
                "max_unavailable_percentage": 0
              }
            ],
            "version": "1.21"
          },
          "sensitive_attributes": [],
          "private": "eyJlMmJmYjczMC1lY2FhLTExZTYtOGY4OC0zNDM2M2JjN2M0YzAiOnsiY3JlYXRlIjozNjAwMDAwMDAwMDAwLCJkZWxldGUiOjM2MDAwMDAwMDAwMDAsInVwZGF0ZSI6MzYwMDAwMDAwMDAwMH19",
          "dependencies": [
            "aws_iam_role.my_nodes_role",
            "aws_iam_role_policy_attachment.my_ecr",
            "aws_iam_role_policy_attachment.my_eks_cni_policy",
            "aws_subnet.my_route_public1",
            "aws_subnet.my_route_public2",
            "aws_vpc.my_vpc",
            "aws_eks_cluster.eks",
            "aws_iam_role.my_eks_cluster",
            "aws_iam_role_policy_attachment.my_eks_cluster_policy",
            "aws_iam_role_policy_attachment.my_eks_work_policy",
            "aws_subnet.my_route_private1",
            "aws_subnet.my_route_private2"
          ]
        }
      ]
    },
    {
      "mode": "managed",
      "type": "aws_iam_role",
      "name": "my_eks_cluster",
      "provider": "provider[\"registry.terraform.io/hashicorp/aws\"]",
      "instances": [
        {
          "schema_version": 0,
          "attributes": {
            "arn": "arn:aws:iam::180386263025:role/my_eks_cluster_aquaSec",
            "assume_role_policy": "{\"Version\":\"2012-10-17\",\"Statement\":[{\"Effect\":\"Allow\",\"Principal\":{\"Service\":\"eks.amazonaws.com\"},\"Action\":\"sts:AssumeRole\"}]}",
            "create_date": "2021-09-14T01:34:03Z",
            "description": "",
            "force_detach_policies": false,
            "id": "my_eks_cluster_aquaSec",
            "inline_policy": [
              {
                "name": "",
                "policy": ""
              }
            ],
            "managed_policy_arns": [
              "arn:aws:iam::aws:policy/AmazonEKSClusterPolicy"
            ],
            "max_session_duration": 3600,
            "name": "my_eks_cluster_aquaSec",
            "name_prefix": null,
            "path": "/",
            "permissions_boundary": null,
            "tags": {},
            "tags_all": {},
            "unique_id": "AROAST76357YTS3CQJVDJ"
          },
          "sensitive_attributes": [],
          "private": "bnVsbA=="
        }
      ]
    },
    {
      "mode": "managed",
      "type": "aws_iam_role",
      "name": "my_nodes_role",
      "provider": "provider[\"registry.terraform.io/hashicorp/aws\"]",
      "instances": [
        {
          "schema_version": 0,
          "attributes": {
            "arn": "arn:aws:iam::180386263025:role/eks-node-group",
            "assume_role_policy": "{\"Version\":\"2012-10-17\",\"Statement\":[{\"Effect\":\"Allow\",\"Principal\":{\"Service\":\"ec2.amazonaws.com\"},\"Action\":\"sts:AssumeRole\"}]}",
            "create_date": "2021-09-14T01:34:03Z",
            "description": "",
            "force_detach_policies": false,
            "id": "eks-node-group",
            "inline_policy": [
              {
                "name": "",
                "policy": ""
              }
            ],
            "managed_policy_arns": [
              "arn:aws:iam::aws:policy/AmazonEC2ContainerRegistryReadOnly",
              "arn:aws:iam::aws:policy/AmazonEKSWorkerNodePolicy",
              "arn:aws:iam::aws:policy/AmazonEKS_CNI_Policy"
            ],
            "max_session_duration": 3600,
            "name": "eks-node-group",
            "name_prefix": null,
            "path": "/",
            "permissions_boundary": null,
            "tags": {},
            "tags_all": {},
            "unique_id": "AROAST76357YUL72K7WYI"
          },
          "sensitive_attributes": [],
          "private": "bnVsbA=="
        }
      ]
    },
    {
      "mode": "managed",
      "type": "aws_iam_role_policy_attachment",
      "name": "my_ecr",
      "provider": "provider[\"registry.terraform.io/hashicorp/aws\"]",
      "instances": [
        {
          "schema_version": 0,
          "attributes": {
            "id": "eks-node-group-20210914013406606500000002",
            "policy_arn": "arn:aws:iam::aws:policy/AmazonEC2ContainerRegistryReadOnly",
            "role": "eks-node-group"
          },
          "sensitive_attributes": [],
          "private": "bnVsbA==",
          "dependencies": [
            "aws_iam_role.my_nodes_role"
          ]
        }
      ]
    },
    {
      "mode": "managed",
      "type": "aws_iam_role_policy_attachment",
      "name": "my_eks_cluster_policy",
      "provider": "provider[\"registry.terraform.io/hashicorp/aws\"]",
      "instances": [
        {
          "schema_version": 0,
          "attributes": {
            "id": "my_eks_cluster_aquaSec-20210914013406458300000001",
            "policy_arn": "arn:aws:iam::aws:policy/AmazonEKSClusterPolicy",
            "role": "my_eks_cluster_aquaSec"
          },
          "sensitive_attributes": [],
          "private": "bnVsbA==",
          "dependencies": [
            "aws_iam_role.my_eks_cluster"
          ]
        }
      ]
    },
    {
      "mode": "managed",
      "type": "aws_iam_role_policy_attachment",
      "name": "my_eks_cni_policy",
      "provider": "provider[\"registry.terraform.io/hashicorp/aws\"]",
      "instances": [
        {
          "schema_version": 0,
          "attributes": {
            "id": "eks-node-group-20210914013406618000000003",
            "policy_arn": "arn:aws:iam::aws:policy/AmazonEKS_CNI_Policy",
            "role": "eks-node-group"
          },
          "sensitive_attributes": [],
          "private": "bnVsbA==",
          "dependencies": [
            "aws_iam_role.my_nodes_role"
          ]
        }
      ]
    },
    {
      "mode": "managed",
      "type": "aws_iam_role_policy_attachment",
      "name": "my_eks_work_policy",
      "provider": "provider[\"registry.terraform.io/hashicorp/aws\"]",
      "instances": [
        {
          "schema_version": 0,
          "attributes": {
            "id": "eks-node-group-20210914013406635800000004",
            "policy_arn": "arn:aws:iam::aws:policy/AmazonEKSWorkerNodePolicy",
            "role": "eks-node-group"
          },
          "sensitive_attributes": [],
          "private": "bnVsbA==",
          "dependencies": [
            "aws_iam_role.my_nodes_role"
          ]
        }
      ]
    },
    {
      "mode": "managed",
      "type": "aws_internet_gateway",
      "name": "my_ig",
      "provider": "provider[\"registry.terraform.io/hashicorp/aws\"]",
      "instances": [
        {
          "schema_version": 0,
          "attributes": {
            "arn": "arn:aws:ec2:us-east-1:180386263025:internet-gateway/igw-098bdc990f3c288c6",
            "id": "igw-098bdc990f3c288c6",
            "owner_id": "180386263025",
            "tags": {
              "Name": "my_vpc"
            },
            "tags_all": {
              "Name": "my_vpc"
            },
            "vpc_id": "vpc-05a024d4995126375"
          },
          "sensitive_attributes": [],
          "private": "bnVsbA==",
          "dependencies": [
            "aws_vpc.my_vpc"
          ]
        }
      ]
    },
    {
      "mode": "managed",
      "type": "aws_nat_gateway",
      "name": "my_ng_1",
      "provider": "provider[\"registry.terraform.io/hashicorp/aws\"]",
      "instances": [
        {
          "schema_version": 0,
          "attributes": {
            "allocation_id": "eipalloc-070c720469a5064a8",
            "connectivity_type": "public",
            "id": "nat-06aac26d97451e858",
            "network_interface_id": "eni-0f9608d121773c35a",
            "private_ip": "192.168.1.201",
            "public_ip": "35.169.212.150",
            "subnet_id": "subnet-0cdda62a72bb4de5a",
            "tags": {
              "Name": "NAT 1"
            },
            "tags_all": {
              "Name": "NAT 1"
            }
          },
          "sensitive_attributes": [],
          "private": "bnVsbA==",
          "dependencies": [
            "aws_eip.my_nat1",
            "aws_internet_gateway.my_ig",
            "aws_subnet.my_route_public1",
            "aws_vpc.my_vpc"
          ]
        }
      ]
    },
    {
      "mode": "managed",
      "type": "aws_nat_gateway",
      "name": "my_ng_2",
      "provider": "provider[\"registry.terraform.io/hashicorp/aws\"]",
      "instances": [
        {
          "schema_version": 0,
          "attributes": {
            "allocation_id": "eipalloc-019e93f0eb1a17a0f",
            "connectivity_type": "public",
            "id": "nat-0508afb8e62f3ebcd",
            "network_interface_id": "eni-0fbd6060fdab52645",
            "private_ip": "192.168.91.63",
            "public_ip": "18.205.69.141",
            "subnet_id": "subnet-09e5fc1797a29bc26",
            "tags": {
              "Name": "NAT 2"
            },
            "tags_all": {
              "Name": "NAT 2"
            }
          },
          "sensitive_attributes": [],
          "private": "bnVsbA==",
          "dependencies": [
            "aws_eip.my_nat2",
            "aws_internet_gateway.my_ig",
            "aws_subnet.my_route_public2",
            "aws_vpc.my_vpc"
          ]
        }
      ]
    },
    {
      "mode": "managed",
      "type": "aws_route_table",
      "name": "my_route_private1",
      "provider": "provider[\"registry.terraform.io/hashicorp/aws\"]",
      "instances": [
        {
          "schema_version": 0,
          "attributes": {
            "arn": "arn:aws:ec2:us-east-1:180386263025:route-table/rtb-08d68eb2c343672f5",
            "id": "rtb-08d68eb2c343672f5",
            "owner_id": "180386263025",
            "propagating_vgws": [],
            "route": [
              {
                "carrier_gateway_id": "",
                "cidr_block": "0.0.0.0/0",
                "destination_prefix_list_id": "",
                "egress_only_gateway_id": "",
                "gateway_id": "",
                "instance_id": "",
                "ipv6_cidr_block": "",
                "local_gateway_id": "",
                "nat_gateway_id": "nat-06aac26d97451e858",
                "network_interface_id": "",
                "transit_gateway_id": "",
                "vpc_endpoint_id": "",
                "vpc_peering_connection_id": ""
              }
            ],
            "tags": {
              "Name": "my_route_private1"
            },
            "tags_all": {
              "Name": "my_route_private1"
            },
            "vpc_id": "vpc-05a024d4995126375"
          },
          "sensitive_attributes": [],
          "private": "bnVsbA==",
          "dependencies": [
            "aws_eip.my_nat1",
            "aws_internet_gateway.my_ig",
            "aws_nat_gateway.my_ng_1",
            "aws_subnet.my_route_public1",
            "aws_vpc.my_vpc"
          ]
        }
      ]
    },
    {
      "mode": "managed",
      "type": "aws_route_table",
      "name": "my_route_private_2",
      "provider": "provider[\"registry.terraform.io/hashicorp/aws\"]",
      "instances": [
        {
          "schema_version": 0,
          "attributes": {
            "arn": "arn:aws:ec2:us-east-1:180386263025:route-table/rtb-0704a69db40e840c8",
            "id": "rtb-0704a69db40e840c8",
            "owner_id": "180386263025",
            "propagating_vgws": [],
            "route": [
              {
                "carrier_gateway_id": "",
                "cidr_block": "0.0.0.0/0",
                "destination_prefix_list_id": "",
                "egress_only_gateway_id": "",
                "gateway_id": "",
                "instance_id": "",
                "ipv6_cidr_block": "",
                "local_gateway_id": "",
                "nat_gateway_id": "nat-0508afb8e62f3ebcd",
                "network_interface_id": "",
                "transit_gateway_id": "",
                "vpc_endpoint_id": "",
                "vpc_peering_connection_id": ""
              }
            ],
            "tags": {
              "Name": "my_route_private_2"
            },
            "tags_all": {
              "Name": "my_route_private_2"
            },
            "vpc_id": "vpc-05a024d4995126375"
          },
          "sensitive_attributes": [],
          "private": "bnVsbA==",
          "dependencies": [
            "aws_eip.my_nat2",
            "aws_internet_gateway.my_ig",
            "aws_nat_gateway.my_ng_2",
            "aws_subnet.my_route_public2",
            "aws_vpc.my_vpc"
          ]
        }
      ]
    },
    {
      "mode": "managed",
      "type": "aws_route_table",
      "name": "my_route_table_public",
      "provider": "provider[\"registry.terraform.io/hashicorp/aws\"]",
      "instances": [
        {
          "schema_version": 0,
          "attributes": {
            "arn": "arn:aws:ec2:us-east-1:180386263025:route-table/rtb-006b3b459a066abd9",
            "id": "rtb-006b3b459a066abd9",
            "owner_id": "180386263025",
            "propagating_vgws": [],
            "route": [
              {
                "carrier_gateway_id": "",
                "cidr_block": "0.0.0.0/0",
                "destination_prefix_list_id": "",
                "egress_only_gateway_id": "",
                "gateway_id": "igw-098bdc990f3c288c6",
                "instance_id": "",
                "ipv6_cidr_block": "",
                "local_gateway_id": "",
                "nat_gateway_id": "",
                "network_interface_id": "",
                "transit_gateway_id": "",
                "vpc_endpoint_id": "",
                "vpc_peering_connection_id": ""
              }
            ],
            "tags": {
              "Name": "public"
            },
            "tags_all": {
              "Name": "public"
            },
            "vpc_id": "vpc-05a024d4995126375"
          },
          "sensitive_attributes": [],
          "private": "bnVsbA==",
          "dependencies": [
            "aws_internet_gateway.my_ig",
            "aws_vpc.my_vpc"
          ]
        }
      ]
    },
    {
      "mode": "managed",
      "type": "aws_route_table_association",
      "name": "my_route_private_1",
      "provider": "provider[\"registry.terraform.io/hashicorp/aws\"]",
      "instances": [
        {
          "schema_version": 0,
          "attributes": {
            "gateway_id": "",
            "id": "rtbassoc-0ef232903a286d843",
            "route_table_id": "rtb-08d68eb2c343672f5",
            "subnet_id": "subnet-01298f9c95c648d7b"
          },
          "sensitive_attributes": [],
          "private": "bnVsbA==",
          "dependencies": [
            "aws_route_table.my_route_private1",
            "aws_subnet.my_route_private1",
            "aws_subnet.my_route_public1",
            "aws_vpc.my_vpc",
            "aws_eip.my_nat1",
            "aws_internet_gateway.my_ig",
            "aws_nat_gateway.my_ng_1"
          ]
        }
      ]
    },
    {
      "mode": "managed",
      "type": "aws_route_table_association",
      "name": "my_route_private_2",
      "provider": "provider[\"registry.terraform.io/hashicorp/aws\"]",
      "instances": [
        {
          "schema_version": 0,
          "attributes": {
            "gateway_id": "",
            "id": "rtbassoc-05b0b028f5be8fe67",
            "route_table_id": "rtb-0704a69db40e840c8",
            "subnet_id": "subnet-0a47ab109f31660d9"
          },
          "sensitive_attributes": [],
          "private": "bnVsbA==",
          "dependencies": [
            "aws_subnet.my_route_private2",
            "aws_subnet.my_route_public2",
            "aws_vpc.my_vpc",
            "aws_eip.my_nat2",
            "aws_internet_gateway.my_ig",
            "aws_nat_gateway.my_ng_2",
            "aws_route_table.my_route_private_2"
          ]
        }
      ]
    },
    {
      "mode": "managed",
      "type": "aws_route_table_association",
      "name": "my_route_public_1",
      "provider": "provider[\"registry.terraform.io/hashicorp/aws\"]",
      "instances": [
        {
          "schema_version": 0,
          "attributes": {
            "gateway_id": "",
            "id": "rtbassoc-00ed3e1ed5e82c529",
            "route_table_id": "rtb-006b3b459a066abd9",
            "subnet_id": "subnet-0cdda62a72bb4de5a"
          },
          "sensitive_attributes": [],
          "private": "bnVsbA==",
          "dependencies": [
            "aws_internet_gateway.my_ig",
            "aws_route_table.my_route_table_public",
            "aws_subnet.my_route_public1",
            "aws_vpc.my_vpc"
          ]
        }
      ]
    },
    {
      "mode": "managed",
      "type": "aws_route_table_association",
      "name": "my_route_public_2",
      "provider": "provider[\"registry.terraform.io/hashicorp/aws\"]",
      "instances": [
        {
          "schema_version": 0,
          "attributes": {
            "gateway_id": "",
            "id": "rtbassoc-0fa6b97cffdec4b36",
            "route_table_id": "rtb-006b3b459a066abd9",
            "subnet_id": "subnet-09e5fc1797a29bc26"
          },
          "sensitive_attributes": [],
          "private": "bnVsbA==",
          "dependencies": [
            "aws_internet_gateway.my_ig",
            "aws_route_table.my_route_table_public",
            "aws_subnet.my_route_public2",
            "aws_vpc.my_vpc"
          ]
        }
      ]
    },
    {
      "mode": "managed",
      "type": "aws_subnet",
      "name": "my_route_private1",
      "provider": "provider[\"registry.terraform.io/hashicorp/aws\"]",
      "instances": [
        {
          "schema_version": 1,
          "attributes": {
            "arn": "arn:aws:ec2:us-east-1:180386263025:subnet/subnet-01298f9c95c648d7b",
            "assign_ipv6_address_on_creation": false,
            "availability_zone": "us-east-1a",
            "availability_zone_id": "use1-az4",
            "cidr_block": "192.168.128.0/18",
            "customer_owned_ipv4_pool": "",
            "id": "subnet-01298f9c95c648d7b",
            "ipv6_cidr_block": "",
            "ipv6_cidr_block_association_id": "",
            "map_customer_owned_ip_on_launch": false,
            "map_public_ip_on_launch": false,
            "outpost_arn": "",
            "owner_id": "180386263025",
            "tags": {
              "Name": "private-us-east-1a",
              "kubernetes.io/cluster/eks": "shared",
              "kubernetes.io/role/internal-elb": "1"
            },
            "tags_all": {
              "Name": "private-us-east-1a",
              "kubernetes.io/cluster/eks": "shared",
              "kubernetes.io/role/internal-elb": "1"
            },
            "timeouts": null,
            "vpc_id": "vpc-05a024d4995126375"
          },
          "sensitive_attributes": [],
          "private": "eyJlMmJmYjczMC1lY2FhLTExZTYtOGY4OC0zNDM2M2JjN2M0YzAiOnsiY3JlYXRlIjo2MDAwMDAwMDAwMDAsImRlbGV0ZSI6MTIwMDAwMDAwMDAwMH0sInNjaGVtYV92ZXJzaW9uIjoiMSJ9",
          "dependencies": [
            "aws_vpc.my_vpc"
          ]
        }
      ]
    },
    {
      "mode": "managed",
      "type": "aws_subnet",
      "name": "my_route_private2",
      "provider": "provider[\"registry.terraform.io/hashicorp/aws\"]",
      "instances": [
        {
          "schema_version": 1,
          "attributes": {
            "arn": "arn:aws:ec2:us-east-1:180386263025:subnet/subnet-0a47ab109f31660d9",
            "assign_ipv6_address_on_creation": false,
            "availability_zone": "us-east-1b",
            "availability_zone_id": "use1-az6",
            "cidr_block": "192.168.192.0/18",
            "customer_owned_ipv4_pool": "",
            "id": "subnet-0a47ab109f31660d9",
            "ipv6_cidr_block": "",
            "ipv6_cidr_block_association_id": "",
            "map_customer_owned_ip_on_launch": false,
            "map_public_ip_on_launch": false,
            "outpost_arn": "",
            "owner_id": "180386263025",
            "tags": {
              "Name": "private-us-east-1b",
              "kubernetes.io/cluster/eks": "shared",
              "kubernetes.io/role/internal-elb": "1"
            },
            "tags_all": {
              "Name": "private-us-east-1b",
              "kubernetes.io/cluster/eks": "shared",
              "kubernetes.io/role/internal-elb": "1"
            },
            "timeouts": null,
            "vpc_id": "vpc-05a024d4995126375"
          },
          "sensitive_attributes": [],
          "private": "eyJlMmJmYjczMC1lY2FhLTExZTYtOGY4OC0zNDM2M2JjN2M0YzAiOnsiY3JlYXRlIjo2MDAwMDAwMDAwMDAsImRlbGV0ZSI6MTIwMDAwMDAwMDAwMH0sInNjaGVtYV92ZXJzaW9uIjoiMSJ9",
          "dependencies": [
            "aws_vpc.my_vpc"
          ]
        }
      ]
    },
    {
      "mode": "managed",
      "type": "aws_subnet",
      "name": "my_route_public1",
      "provider": "provider[\"registry.terraform.io/hashicorp/aws\"]",
      "instances": [
        {
          "schema_version": 1,
          "attributes": {
            "arn": "arn:aws:ec2:us-east-1:180386263025:subnet/subnet-0cdda62a72bb4de5a",
            "assign_ipv6_address_on_creation": false,
            "availability_zone": "us-east-1a",
            "availability_zone_id": "use1-az4",
            "cidr_block": "192.168.0.0/18",
            "customer_owned_ipv4_pool": "",
            "id": "subnet-0cdda62a72bb4de5a",
            "ipv6_cidr_block": "",
            "ipv6_cidr_block_association_id": "",
            "map_customer_owned_ip_on_launch": false,
            "map_public_ip_on_launch": true,
            "outpost_arn": "",
            "owner_id": "180386263025",
            "tags": {
              "Name": "public-us-east-1a",
              "kubernetes.io/cluster/eks": "shared",
              "kubernetes.io/role/elb": "1"
            },
            "tags_all": {
              "Name": "public-us-east-1a",
              "kubernetes.io/cluster/eks": "shared",
              "kubernetes.io/role/elb": "1"
            },
            "timeouts": null,
            "vpc_id": "vpc-05a024d4995126375"
          },
          "sensitive_attributes": [],
          "private": "eyJlMmJmYjczMC1lY2FhLTExZTYtOGY4OC0zNDM2M2JjN2M0YzAiOnsiY3JlYXRlIjo2MDAwMDAwMDAwMDAsImRlbGV0ZSI6MTIwMDAwMDAwMDAwMH0sInNjaGVtYV92ZXJzaW9uIjoiMSJ9",
          "dependencies": [
            "aws_vpc.my_vpc"
          ]
        }
      ]
    },
    {
      "mode": "managed",
      "type": "aws_subnet",
      "name": "my_route_public2",
      "provider": "provider[\"registry.terraform.io/hashicorp/aws\"]",
      "instances": [
        {
          "schema_version": 1,
          "attributes": {
            "arn": "arn:aws:ec2:us-east-1:180386263025:subnet/subnet-09e5fc1797a29bc26",
            "assign_ipv6_address_on_creation": false,
            "availability_zone": "us-east-1b",
            "availability_zone_id": "use1-az6",
            "cidr_block": "192.168.64.0/18",
            "customer_owned_ipv4_pool": "",
            "id": "subnet-09e5fc1797a29bc26",
            "ipv6_cidr_block": "",
            "ipv6_cidr_block_association_id": "",
            "map_customer_owned_ip_on_launch": false,
            "map_public_ip_on_launch": true,
            "outpost_arn": "",
            "owner_id": "180386263025",
            "tags": {
              "Name": "public-us-east-1b",
              "kubernetes.io/cluster/eks": "shared",
              "kubernetes.io/role/elb": "1"
            },
            "tags_all": {
              "Name": "public-us-east-1b",
              "kubernetes.io/cluster/eks": "shared",
              "kubernetes.io/role/elb": "1"
            },
            "timeouts": null,
            "vpc_id": "vpc-05a024d4995126375"
          },
          "sensitive_attributes": [],
          "private": "eyJlMmJmYjczMC1lY2FhLTExZTYtOGY4OC0zNDM2M2JjN2M0YzAiOnsiY3JlYXRlIjo2MDAwMDAwMDAwMDAsImRlbGV0ZSI6MTIwMDAwMDAwMDAwMH0sInNjaGVtYV92ZXJzaW9uIjoiMSJ9",
          "dependencies": [
            "aws_vpc.my_vpc"
          ]
        }
      ]
    },
    {
      "mode": "managed",
      "type": "aws_vpc",
      "name": "my_vpc",
      "provider": "provider[\"registry.terraform.io/hashicorp/aws\"]",
      "instances": [
        {
          "schema_version": 1,
          "attributes": {
            "arn": "arn:aws:ec2:us-east-1:180386263025:vpc/vpc-05a024d4995126375",
            "assign_generated_ipv6_cidr_block": false,
            "cidr_block": "192.168.0.0/16",
            "default_network_acl_id": "acl-0d50a5d21abd51439",
            "default_route_table_id": "rtb-0935f767903ea22aa",
            "default_security_group_id": "sg-040bdfaa5eefcede6",
            "dhcp_options_id": "dopt-09d3ea506a7b205b0",
            "enable_classiclink": false,
            "enable_classiclink_dns_support": false,
            "enable_dns_hostnames": true,
            "enable_dns_support": true,
            "id": "vpc-05a024d4995126375",
            "instance_tenancy": "default",
            "ipv6_association_id": "",
            "ipv6_cidr_block": "",
            "main_route_table_id": "rtb-0935f767903ea22aa",
            "owner_id": "180386263025",
            "tags": {
              "Name": "my_vpc"
            },
            "tags_all": {
              "Name": "my_vpc"
            }
          },
          "sensitive_attributes": [],
          "private": "eyJzY2hlbWFfdmVyc2lvbiI6IjEifQ=="
        }
      ]
    },
    {
      "mode": "managed",
      "type": "helm_release",
      "name": "consul",
      "provider": "provider[\"registry.terraform.io/hashicorp/helm\"]",
      "instances": []
    },
    {
      "mode": "managed",
      "type": "helm_release",
      "name": "vault",
      "provider": "provider[\"registry.terraform.io/hashicorp/helm\"]",
      "instances": []
    },
    {
      "mode": "managed",
      "type": "kubernetes_secret",
      "name": "gossip_key",
      "provider": "provider[\"registry.terraform.io/hashicorp/kubernetes\"]",
      "instances": []
    },
    {
      "mode": "managed",
      "type": "random_id",
      "name": "gossip_key",
      "provider": "provider[\"registry.terraform.io/hashicorp/random\"]",
      "instances": [
        {
          "schema_version": 0,
          "attributes": {
            "b64_std": "gs69SnEBPg/4EBPyE6sbD3yvFT1p8FbeaiE508t1vyU=",
            "b64_url": "gs69SnEBPg_4EBPyE6sbD3yvFT1p8FbeaiE508t1vyU",
            "byte_length": 32,
            "dec": "59165947248165374511213514834903386847790143971235728968077922181254640680741",
            "hex": "82cebd4a71013e0ff81013f213ab1b0f7caf153d69f056de6a2139d3cb75bf25",
            "id": "gs69SnEBPg_4EBPyE6sbD3yvFT1p8FbeaiE508t1vyU",
            "keepers": null,
            "prefix": null
          },
          "sensitive_attributes": [],
          "private": "bnVsbA=="
        }
      ]
    }
  ]
}
